{
  "name": "cli-terminal-ui",
  "version": "0.1.0",
  "lockfileVersion": 3,
  "requires": true,
  "packages": {
    "": {
      "name": "cli-terminal-ui",
      "version": "0.1.0",
      "dependencies": {
        "@fontsource/jetbrains-mono": "^5.3.0",
        "@tauri-apps/api": "^2.11.1",
        "@xterm/addon-fit": "^0.11.0",
        "@xterm/xterm": "^6.0.0",
        "markdown-it": "^15.0.0"
      },
      "devDependencies": {
        "@tauri-apps/cli": "^2"
      }
    },
    "node_modules/@fontsource/jetbrains-mono": {
      "version": "5.3.0",
      "resolved": "https://registry.npmjs.org/@fontsource/jetbrains-mono/-/jetbrains-mono-5.3.0.tgz",
      "integrity": "sha512-fqDfB5I9f1p1TV486aUgB9t8zP84P0O1FtQR5Ol9vjwPy+S+EIGlVYm1cvj2W5shcZMTg2nZFdVMoH5wFu8a1A==",
      "license": "OFL-1.1",
      "funding": {
        "url": "https://github.com/sponsors/ayuhito"
      }
    },
    "node_modules/@tauri-apps/api": {
      "version": "2.11.1",
      "resolved": "https://registry.npmjs.org/@tauri-apps/api/-/api-2.11.1.tgz",
      "integrity": "sha512-M2FPuYND2m+wh5hfW9ZpSdxMPdEJovPBWwoHJmwUpysTYNHaOkVFN419m/K0LIgjb/7KU2vBgsUepJWugQCvAA==",
      "license": "Apache-2.0 OR MIT",
      "funding": {
        "type": "opencollective",
        "url": "https://opencollective.com/tauri"
      }
    },
    "node_modules/@tauri-apps/cli": {
      "version": "2.11.4",
      "resolved": "https://registry.npmjs.org/@tauri-apps/cli/-/cli-2.11.4.tgz",
      "integrity": "sha512-R8xGtMpwyetawSqm9kYOuMmEqkhUbvcUy8n0aNXIxollKBLESUu5f4Fx+64hgASYm1H+jSWq6jCW6zqTnH6hqQ==",
      "dev": true,
      "license": "Apache-2.0 OR MIT",
      "bin": {
        "tauri": "tauri.js"
      },
      "engines": {
        "node": ">= 10"
      },
      "funding": {
        "type": "opencollective",
        "url": "https://opencollective.com/tauri"
      },
      "optionalDependencies": {
        "@tauri-apps/cli-darwin-arm64": "2.11.4",
        "@tauri-apps/cli-darwin-x64": "2.11.4",
        "@tauri-apps/cli-linux-arm-gnueabihf": "2.11.4",
        "@tauri-apps/cli-linux-arm64-gnu": "2.11.4",
        "@tauri-apps/cli-linux-arm64-musl": "2.11.4",
        "@tauri-apps/cli-linux-riscv64-gnu": "2.11.4",
        "@tauri-apps/cli-linux-x64-gnu": "2.11.4",
        "@tauri-apps/cli-linux-x64-musl": "2.11.4",
        "@tauri-apps/cli-win32-arm64-msvc": "2.11.4",
        "@tauri-apps/cli-win32-ia32-msvc": "2.11.4",
        "@tauri-apps/cli-win32-x64-msvc": "2.11.4"
      }
    },
    "node_modules/@tauri-apps/cli-darwin-arm64": {
      "version": "2.11.4",
      "resolved": "https://registry.npmjs.org/@tauri-apps/cli-darwin-arm64/-/cli-darwin-arm64-2.11.4.tgz",
      "integrity": "sha512-1ryOF3ZhpZ/nemHV5zVwBQBz9jDGKmKPvWPADOhc83ig0P4bMc2iER4NbC6r9sjeIZ6RVQ4g3RZIYvezhcl4TQ==",
      "cpu": [
        "arm64"
      ],
      "dev": true,
      "license": "Apache-2.0 OR MIT",
      "optional": true,
      "os": [
        "darwin"
      ],
      "engines": {
        "node": ">= 10"
      }
    },
    "node_modules/@tauri-apps/cli-darwin-x64": {
      "version": "2.11.4",
      "resolved": "https://registry.npmjs.org/@tauri-apps/cli-darwin-x64/-/cli-darwin-x64-2.11.4.tgz",
      "integrity": "sha512-uFsGQAAfuyz1k/yGLmkWfkBlgKAqZfxqlHmLWx81QU27RJWfmbNHCIq8T8w1e+VClleIuZUjpHWfoE4E3DLo3A==",
      "cpu": [
        "x64"
      ],
      "dev": true,
      "license": "Apache-2.0 OR MIT",
      "optional": true,
      "os": [
        "darwin"
      ],
      "engines": {
        "node": ">= 10"
      }
    },
    "node_modules/@tauri-apps/cli-linux-arm-gnueabihf": {
      "version": "2.11.4",
      "resolved": "https://registry.npmjs.org/@tauri-apps/cli-linux-arm-gnueabihf/-/cli-linux-arm-gnueabihf-2.11.4.tgz",
      "integrity": "sha512-IaHZn5CdBL21oUmjiVOS1ctw6Ip1O0pjp70FwOWmYz1myWe0SY96ZIj2FYf7pT0m8bI2h/hrs5ZbEXXh44/MkQ==",
      "cpu": [
        "arm"
      ],
      "dev": true,
      "license": "Apache-2.0 OR MIT",
      "optional": true,
      "os": [
        "linux"
      ],
      "engines": {
        "node": ">= 10"
      }
    },
    "node_modules/@tauri-apps/cli-linux-arm64-gnu": {
      "version": "2.11.4",
      "resolved": "https://registry.npmjs.org/@tauri-apps/cli-linux-arm64-gnu/-/cli-linux-arm64-gnu-2.11.4.tgz",
      "integrity": "sha512-N41/ukTRVe6XSuUTESuFdGeOW2i7k62tK+6gHK5Kd5/q5RPvvi19GaWAVPPb9u95HSGmTChSolBfzynUsssFaA==",
      "cpu": [
        "arm64"
      ],
      "dev": true,
      "license": "Apache-2.0 OR MIT",
      "optional": true,
      "os": [
        "linux"
      ],
      "engines": {
        "node": ">= 10"
      }
    },
    "node_modules/@tauri-apps/cli-linux-arm64-musl": {
      "version": "2.11.4",
      "resolved": "https://registry.npmjs.org/@tauri-apps/cli-linux-arm64-musl/-/cli-linux-arm64-musl-2.11.4.tgz",
      "integrity": "sha512-v277UnT/fB64xAfSroL5N3Km3tLmvATWqJJw/wRI+g6o+HkeD0slyE7gOhNs1MbjE41R7bQOTxMVoL3aomUJmw==",
      "cpu": [
        "arm64"
      ],
      "dev": true,
      "license": "Apache-2.0 OR MIT",
      "optional": true,
      "os": [
        "linux"
      ],
      "engines": {
        "node": ">= 10"
      }
    },
    "node_modules/@tauri-apps/cli-linux-riscv64-gnu": {
      "version": "2.11.4",
      "resolved": "https://registry.npmjs.org/@tauri-apps/cli-linux-riscv64-gnu/-/cli-linux-riscv64-gnu-2.11.4.tgz",
      "integrity": "sha512-qqgNkQ2u1yZHxjhxsZaxUtRDW8dIqIYm33rx/mzwQv0SfY9x1B+iraj8vWeFiXjjSVVhEMepXSOts1TqPzvXNQ==",
      "cpu": [
        "riscv64"
      ],
      "dev": true,
      "license": "Apache-2.0 OR MIT",
      "optional": true,
      "os": [
        "linux"
      ],
      "engines": {
        "node": ">= 10"
      }
    },
    "node_modules/@tauri-apps/cli-linux-x64-gnu": {
      "version": "2.11.4",
      "resolved": "https://registry.npmjs.org/@tauri-apps/cli-linux-x64-gnu/-/cli-linux-x64-gnu-2.11.4.tgz",
      "integrity": "sha512-2VRNWl84FOH0m2giiDkO2h0QXlcMJeX+zJDpI5kDIQAx6s+geF3v48F4DXfJez4GS/FdoDGnPnw1C2iYGbQ7bQ==",
      "cpu": [
        "x64"
      ],
      "dev": true,
      "license": "Apache-2.0 OR MIT",
      "optional": true,
      "os": [
        "linux"
      ],
      "engines": {
        "node": ">= 10"
      }
    },
    "node_modules/@tauri-apps/cli-linux-x64-musl": {
      "version": "2.11.4",
      "resolved": "https://registry.npmjs.org/@tauri-apps/cli-linux-x64-musl/-/cli-linux-x64-musl-2.11.4.tgz",
      "integrity": "sha512-o9GyhYor/nc7xarmwDE3ka2szuW3uuZzXjHWh64Q8YX5AtSgxdQkFWzrY4O8KiGtVNvFBI14H3Q49Qj5TOIP/A==",
      "cpu": [
        "x64"
      ],
      "dev": true,
      "license": "Apache-2.0 OR MIT",
      "optional": true,
      "os": [
        "linux"
      ],
      "engines": {
        "node": ">= 10"
      }
    },
    "node_modules/@tauri-apps/cli-win32-arm64-msvc": {
      "version": "2.11.4",
      "resolved": "https://registry.npmjs.org/@tauri-apps/cli-win32-arm64-msvc/-/cli-win32-arm64-msvc-2.11.4.tgz",
      "integrity": "sha512-ld5Ehb598m0VkYyylRPNeCFsBe/km0jxis6KgMpl3IGY6I/i1RwQXO05I1AsXUXO2WC6AvB/Lw4qTf/asiuEiQ==",
      "cpu": [
        "arm64"
      ],
      "dev": true,
      "license": "Apache-2.0 OR MIT",
      "optional": true,
      "os": [
        "win32"
      ],
      "engines": {
        "node": ">= 10"
      }
    },
    "node_modules/@tauri-apps/cli-win32-ia32-msvc": {
      "version": "2.11.4",
      "resolved": "https://registry.npmjs.org/@tauri-apps/cli-win32-ia32-msvc/-/cli-win32-ia32-msvc-2.11.4.tgz",
      "integrity": "sha512-12Hxi0XX/H5VFxO/bGgHkFWhml9VMgEOu9CidjeCeTNQ1l6fpUlbiGgSP7CLI3PFtW9/FfbeHieZ+kyWK5H7CA==",
      "cpu": [
        "ia32"
      ],
      "dev": true,
      "license": "Apache-2.0 OR MIT",
      "optional": true,
      "os": [
        "win32"
      ],
      "engines": {
        "node": ">= 10"
      }
    },
    "node_modules/@tauri-apps/cli-win32-x64-msvc": {
      "version": "2.11.4",
      "resolved": "https://registry.npmjs.org/@tauri-apps/cli-win32-x64-msvc/-/cli-win32-x64-msvc-2.11.4.tgz",
      "integrity": "sha512-+vDiqBIU5dMISg/wNvX3sF+ZHfgJGJ5T0AcO+EHNXV9GGAG+P5fzodlDXD3QdKCRgZxMoCm5PPvj3BqLNjBthw==",
      "cpu": [
        "x64"
      ],
      "dev": true,
      "license": "Apache-2.0 OR MIT",
      "optional": true,
      "os": [
        "win32"
      ],
      "engines": {
        "node": ">= 10"
      }
    },
    "node_modules/@xterm/addon-fit": {
      "version": "0.11.0",
      "resolved": "https://registry.npmjs.org/@xterm/addon-fit/-/addon-fit-0.11.0.tgz",
      "integrity": "sha512-jYcgT6xtVYhnhgxh3QgYDnnNMYTcf8ElbxxFzX0IZo+vabQqSPAjC3c1wJrKB5E19VwQei89QCiZZP86DCPF7g==",
      "license": "MIT"
    },
    "node_modules/@xterm/xterm": {
      "version": "6.0.0",
      "resolved": "https://registry.npmjs.org/@xterm/xterm/-/xterm-6.0.0.tgz",
      "integrity": "sha512-TQwDdQGtwwDt+2cgKDLn0IRaSxYu1tSUjgKarSDkUM0ZNiSRXFpjxEsvc/Zgc5kq5omJ+V0a8/kIM2WD3sMOYg==",
      "license": "MIT",
      "workspaces": [
        "addons/*"
      ]
    },
    "node_modules/argparse": {
      "version": "3.0.0",
      "resolved": "https://registry.npmjs.org/argparse/-/argparse-3.0.0.tgz",
      "integrity": "sha512-BOp5NMrHqKxmq/OLr+clzzrRxgOKSLkcjmkWuChp7Irqwn4s74WjOBPIgWfA/HMcBnVkZ5XEuf9uUqzlpfCQ6A==",
      "funding": [
        {
          "type": "github",
          "url": "https://github.com/sponsors/puzrin"
        },
        {
          "type": "github",
          "url": "https://github.com/sponsors/nodeca"
        }
      ],
      "license": "Python-2.0"
    },
    "node_modules/entities": {
      "version": "8.0.0",
      "resolved": "https://registry.npmjs.org/entities/-/entities-8.0.0.tgz",
      "integrity": "sha512-zwfzJecQ/Uej6tusMqwAqU/6KL2XaB2VZ2Jg54Je6ahNBGNH6Ek6g3jjNCF0fG9EWQKGZNddNjU5F1ZQn/sBnA==",
      "license": "BSD-2-Clause",
      "engines": {
        "node": ">=20.19.0"
      },
      "funding": {
        "url": "https://github.com/fb55/entities?sponsor=1"
      }
    },
    "node_modules/linkify-it": {
      "version": "6.1.0",
      "resolved": "https://registry.npmjs.org/linkify-it/-/linkify-it-6.1.0.tgz",
      "integrity": "sha512-wJ/TwpSDTLepCrQoYWYIExIKg5Zchex2Nn5yk2mFnB+6PtdkHtyLx742md9csRjjOnGkKIS/RrbY7l8D6gT9Vw==",
      "funding": [
        {
          "type": "github",
          "url": "https://github.com/sponsors/puzrin"
        },
        {
          "type": "github",
          "url": "https://github.com/sponsors/markdown-it"
        }
      ],
      "license": "MIT",
      "dependencies": {
        "uc.micro": "^3.0.0"
      }
    },
    "node_modules/markdown-it": {
      "version": "15.0.0",
      "resolved": "https://registry.npmjs.org/markdown-it/-/markdown-it-15.0.0.tgz",
      "integrity": "sha512-Lf8ajvVNdRpzSNB4VegxNy7gjs8gU35l4b4+ET49LrQC5PKYwLZ72u60LeJ9gv3qiaesuYjJWCyVeQmv/QWKQw==",
      "funding": [
        {
          "type": "github",
          "url": "https://github.com/sponsors/puzrin"
        },
        {
          "type": "github",
          "url": "https://github.com/sponsors/markdown-it"
        }
      ],
      "license": "MIT",
      "dependencies": {
        "argparse": "^3.0.0",
        "entities": "^8.0.0",
        "linkify-it": "^6.0.0",
        "mdurl": "^2.1.0",
        "punycode.js": "^2.3.1",
        "uc.micro": "^3.0.0"
      },
      "bin": {
        "markdown-it": "bin/markdown-it.mjs"
      }
    },
    "node_modules/mdurl": {
      "version": "2.1.0",
      "resolved": "https://registry.npmjs.org/mdurl/-/mdurl-2.1.0.tgz",
      "integrity": "sha512-1+HBaOx0zi/dQWht8rNv9MYf9qqpqL/kxI0hXImU6Y547zM6Sni8BQibt7ifgMcYtQg41ao3Ivd6cnSM86inpg==",
      "license": "MIT"
    },
    "node_modules/punycode.js": {
      "version": "2.3.1",
      "resolved": "https://registry.npmjs.org/punycode.js/-/punycode.js-2.3.1.tgz",
      "integrity": "sha512-uxFIHU0YlHYhDQtV4R9J6a52SLx28BCjT+4ieh7IGbgwVJWO+km431c4yRlREUAsAmt/uMjQUyQHNEPf0M39CA==",
      "license": "MIT",
      "engines": {
        "node": ">=6"
      }
    },
    "node_modules/uc.micro": {
      "version": "3.0.0",
      "resolved": "https://registry.npmjs.org/uc.micro/-/uc.micro-3.0.0.tgz",
      "integrity": "sha512-U3PppEkleoTnIfi8BozMx3yju3qc/L6SwqWo2Sw+54PX+PX0q9I+r1Um5HCmqD7n9VDX5/v3vQH/AjA6deDdtw==",
      "license": "MIT"
    }
  }
}
